
Microsoft Visual Studio Solution File, Format Version 12.00
# Visual Studio Version 16
VisualStudioVersion = 16.0.31205.134
MinimumVisualStudioVersion = 10.0.40219.1
Project("{8BC9CEB8-8B4A-11D0-8D11-00A0C91BC942}") = "LoginEnclaveLib", "LoginEnclaveLib\LoginEnclaveLib.vcxproj", "{8765A8CE-FC3C-493C-8C64-81A24F8DE988}"
EndProject
Project("{8BC9CEB8-8B4A-11D0-8D11-00A0C91BC942}") = "LoginEnclave", "LoginEnclave\LoginEnclave.vcxproj", "{DEABFD60-100C-4AFE-9E7A-15F0C8648F42}"
EndProject
Project("{8BC9CEB8-8B4A-11D0-8D11-00A0C91BC942}") = "Login", "Login\Login.vcxproj", "{25B91C5B-74E5-41A2-83AC-1AB5FAA09B72}"
EndProject
Global
	GlobalSection(SolutionConfigurationPlatforms) = preSolution
		CVE-2020-0551-CF-Prerelease|x64 = CVE-2020-0551-CF-Prerelease|x64
		CVE-2020-0551-CF-Prerelease|x86 = CVE-2020-0551-CF-Prerelease|x86
		CVE-2020-0551-CF-Release|x64 = CVE-2020-0551-CF-Release|x64
		CVE-2020-0551-CF-Release|x86 = CVE-2020-0551-CF-Release|x86
		CVE-2020-0551-Load-Prerelease|x64 = CVE-2020-0551-Load-Prerelease|x64
		CVE-2020-0551-Load-Prerelease|x86 = CVE-2020-0551-Load-Prerelease|x86
		CVE-2020-0551-Load-Release|x64 = CVE-2020-0551-Load-Release|x64
		CVE-2020-0551-Load-Release|x86 = CVE-2020-0551-Load-Release|x86
		Debug|x64 = Debug|x64
		Debug|x86 = Debug|x86
		Prerelease|x64 = Prerelease|x64
		Prerelease|x86 = Prerelease|x86
		Release|x64 = Release|x64
		Release|x86 = Release|x86
		Simulation|x64 = Simulation|x64
		Simulation|x86 = Simulation|x86
	EndGlobalSection
	GlobalSection(ProjectConfigurationPlatforms) = postSolution
		{8765A8CE-FC3C-493C-8C64-81A24F8DE988}.CVE-2020-0551-CF-Prerelease|x64.ActiveCfg = CVE-2020-0551-CF-Prerelease|x64
		{8765A8CE-FC3C-493C-8C64-81A24F8DE988}.CVE-2020-0551-CF-Prerelease|x64.Build.0 = CVE-2020-0551-CF-Prerelease|x64
		{8765A8CE-FC3C-493C-8C64-81A24F8DE988}.CVE-2020-0551-CF-Prerelease|x86.ActiveCfg = CVE-2020-0551-CF-Prerelease|x64
		{8765A8CE-FC3C-493C-8C64-81A24F8DE988}.CVE-2020-0551-CF-Release|x64.ActiveCfg = CVE-2020-0551-CF-Release|x64
		{8765A8CE-FC3C-493C-8C64-81A24F8DE988}.CVE-2020-0551-CF-Release|x64.Build.0 = CVE-2020-0551-CF-Release|x64
		{8765A8CE-FC3C-493C-8C64-81A24F8DE988}.CVE-2020-0551-CF-Release|x86.ActiveCfg = CVE-2020-0551-CF-Release|x64
		{8765A8CE-FC3C-493C-8C64-81A24F8DE988}.CVE-2020-0551-Load-Prerelease|x64.ActiveCfg = CVE-2020-0551-Load-Prerelease|x64
		{8765A8CE-FC3C-493C-8C64-81A24F8DE988}.CVE-2020-0551-Load-Prerelease|x64.Build.0 = CVE-2020-0551-Load-Prerelease|x64
		{8765A8CE-FC3C-493C-8C64-81A24F8DE988}.CVE-2020-0551-Load-Prerelease|x86.ActiveCfg = CVE-2020-0551-Load-Prerelease|x64
		{8765A8CE-FC3C-493C-8C64-81A24F8DE988}.CVE-2020-0551-Load-Release|x64.ActiveCfg = CVE-2020-0551-Load-Release|x64
		{8765A8CE-FC3C-493C-8C64-81A24F8DE988}.CVE-2020-0551-Load-Release|x64.Build.0 = CVE-2020-0551-Load-Release|x64
		{8765A8CE-FC3C-493C-8C64-81A24F8DE988}.CVE-2020-0551-Load-Release|x86.ActiveCfg = CVE-2020-0551-Load-Release|x64
		{8765A8CE-FC3C-493C-8C64-81A24F8DE988}.Debug|x64.ActiveCfg = Debug|x64
		{8765A8CE-FC3C-493C-8C64-81A24F8DE988}.Debug|x64.Build.0 = Debug|x64
		{8765A8CE-FC3C-493C-8C64-81A24F8DE988}.Debug|x86.ActiveCfg = Debug|Win32
		{8765A8CE-FC3C-493C-8C64-81A24F8DE988}.Debug|x86.Build.0 = Debug|Win32
		{8765A8CE-FC3C-493C-8C64-81A24F8DE988}.Prerelease|x64.ActiveCfg = Prerelease|x64
		{8765A8CE-FC3C-493C-8C64-81A24F8DE988}.Prerelease|x64.Build.0 = Prerelease|x64
		{8765A8CE-FC3C-493C-8C64-81A24F8DE988}.Prerelease|x86.ActiveCfg = Prerelease|Win32
		{8765A8CE-FC3C-493C-8C64-81A24F8DE988}.Prerelease|x86.Build.0 = Prerelease|Win32
		{8765A8CE-FC3C-493C-8C64-81A24F8DE988}.Release|x64.ActiveCfg = Release|x64
		{8765A8CE-FC3C-493C-8C64-81A24F8DE988}.Release|x64.Build.0 = Release|x64
		{8765A8CE-FC3C-493C-8C64-81A24F8DE988}.Release|x86.ActiveCfg = Release|Win32
		{8765A8CE-FC3C-493C-8C64-81A24F8DE988}.Release|x86.Build.0 = Release|Win32
		{8765A8CE-FC3C-493C-8C64-81A24F8DE988}.Simulation|x64.ActiveCfg = Simulation|x64
		{8765A8CE-FC3C-493C-8C64-81A24F8DE988}.Simulation|x64.Build.0 = Simulation|x64
		{8765A8CE-FC3C-493C-8C64-81A24F8DE988}.Simulation|x86.ActiveCfg = Simulation|Win32
		{8765A8CE-FC3C-493C-8C64-81A24F8DE988}.Simulation|x86.Build.0 = Simulation|Win32
		{DEABFD60-100C-4AFE-9E7A-15F0C8648F42}.CVE-2020-0551-CF-Prerelease|x64.ActiveCfg = CVE-2020-0551-CF-Prerelease|x64
		{DEABFD60-100C-4AFE-9E7A-15F0C8648F42}.CVE-2020-0551-CF-Prerelease|x64.Build.0 = CVE-2020-0551-CF-Prerelease|x64
		{DEABFD60-100C-4AFE-9E7A-15F0C8648F42}.CVE-2020-0551-CF-Prerelease|x86.ActiveCfg = CVE-2020-0551-CF-Prerelease|x64
		{DEABFD60-100C-4AFE-9E7A-15F0C8648F42}.CVE-2020-0551-CF-Release|x64.ActiveCfg = CVE-2020-0551-CF-Release|x64
		{DEABFD60-100C-4AFE-9E7A-15F0C8648F42}.CVE-2020-0551-CF-Release|x64.Build.0 = CVE-2020-0551-CF-Release|x64
		{DEABFD60-100C-4AFE-9E7A-15F0C8648F42}.CVE-2020-0551-CF-Release|x86.ActiveCfg = CVE-2020-0551-CF-Release|x64
		{DEABFD60-100C-4AFE-9E7A-15F0C8648F42}.CVE-2020-0551-Load-Prerelease|x64.ActiveCfg = CVE-2020-0551-Load-Prerelease|x64
		{DEABFD60-100C-4AFE-9E7A-15F0C8648F42}.CVE-2020-0551-Load-Prerelease|x64.Build.0 = CVE-2020-0551-Load-Prerelease|x64
		{DEABFD60-100C-4AFE-9E7A-15F0C8648F42}.CVE-2020-0551-Load-Prerelease|x86.ActiveCfg = CVE-2020-0551-Load-Prerelease|x64
		{DEABFD60-100C-4AFE-9E7A-15F0C8648F42}.CVE-2020-0551-Load-Release|x64.ActiveCfg = CVE-2020-0551-Load-Release|x64
		{DEABFD60-100C-4AFE-9E7A-15F0C8648F42}.CVE-2020-0551-Load-Release|x64.Build.0 = CVE-2020-0551-Load-Release|x64
		{DEABFD60-100C-4AFE-9E7A-15F0C8648F42}.CVE-2020-0551-Load-Release|x86.ActiveCfg = CVE-2020-0551-Load-Release|x64
		{DEABFD60-100C-4AFE-9E7A-15F0C8648F42}.Debug|x64.ActiveCfg = Debug|x64
		{DEABFD60-100C-4AFE-9E7A-15F0C8648F42}.Debug|x64.Build.0 = Debug|x64
		{DEABFD60-100C-4AFE-9E7A-15F0C8648F42}.Debug|x86.ActiveCfg = Debug|Win32
		{DEABFD60-100C-4AFE-9E7A-15F0C8648F42}.Debug|x86.Build.0 = Debug|Win32
		{DEABFD60-100C-4AFE-9E7A-15F0C8648F42}.Prerelease|x64.ActiveCfg = Prerelease|x64
		{DEABFD60-100C-4AFE-9E7A-15F0C8648F42}.Prerelease|x64.Build.0 = Prerelease|x64
		{DEABFD60-100C-4AFE-9E7A-15F0C8648F42}.Prerelease|x86.ActiveCfg = Prerelease|Win32
		{DEABFD60-100C-4AFE-9E7A-15F0C8648F42}.Prerelease|x86.Build.0 = Prerelease|Win32
		{DEABFD60-100C-4AFE-9E7A-15F0C8648F42}.Release|x64.ActiveCfg = Release|x64
		{DEABFD60-100C-4AFE-9E7A-15F0C8648F42}.Release|x64.Build.0 = Release|x64
		{DEABFD60-100C-4AFE-9E7A-15F0C8648F42}.Release|x86.ActiveCfg = Release|Win32
		{DEABFD60-100C-4AFE-9E7A-15F0C8648F42}.Release|x86.Build.0 = Release|Win32
		{DEABFD60-100C-4AFE-9E7A-15F0C8648F42}.Simulation|x64.ActiveCfg = Simulation|x64
		{DEABFD60-100C-4AFE-9E7A-15F0C8648F42}.Simulation|x64.Build.0 = Simulation|x64
		{DEABFD60-100C-4AFE-9E7A-15F0C8648F42}.Simulation|x86.ActiveCfg = Simulation|Win32
		{DEABFD60-100C-4AFE-9E7A-15F0C8648F42}.Simulation|x86.Build.0 = Simulation|Win32
		{25B91C5B-74E5-41A2-83AC-1AB5FAA09B72}.CVE-2020-0551-CF-Prerelease|x64.ActiveCfg = Debug|x64
		{25B91C5B-74E5-41A2-83AC-1AB5FAA09B72}.CVE-2020-0551-CF-Prerelease|x64.Build.0 = Debug|x64
		{25B91C5B-74E5-41A2-83AC-1AB5FAA09B72}.CVE-2020-0551-CF-Prerelease|x86.ActiveCfg = Debug|Win32
		{25B91C5B-74E5-41A2-83AC-1AB5FAA09B72}.CVE-2020-0551-CF-Prerelease|x86.Build.0 = Debug|Win32
		{25B91C5B-74E5-41A2-83AC-1AB5FAA09B72}.CVE-2020-0551-CF-Release|x64.ActiveCfg = Release|x64
		{25B91C5B-74E5-41A2-83AC-1AB5FAA09B72}.CVE-2020-0551-CF-Release|x64.Build.0 = Release|x64
		{25B91C5B-74E5-41A2-83AC-1AB5FAA09B72}.CVE-2020-0551-CF-Release|x86.ActiveCfg = Release|Win32
		{25B91C5B-74E5-41A2-83AC-1AB5FAA09B72}.CVE-2020-0551-CF-Release|x86.Build.0 = Release|Win32
		{25B91C5B-74E5-41A2-83AC-1AB5FAA09B72}.CVE-2020-0551-Load-Prerelease|x64.ActiveCfg = Debug|x64
		{25B91C5B-74E5-41A2-83AC-1AB5FAA09B72}.CVE-2020-0551-Load-Prerelease|x64.Build.0 = Debug|x64
		{25B91C5B-74E5-41A2-83AC-1AB5FAA09B72}.CVE-2020-0551-Load-Prerelease|x86.ActiveCfg = Debug|Win32
		{25B91C5B-74E5-41A2-83AC-1AB5FAA09B72}.CVE-2020-0551-Load-Prerelease|x86.Build.0 = Debug|Win32
		{25B91C5B-74E5-41A2-83AC-1AB5FAA09B72}.CVE-2020-0551-Load-Release|x64.ActiveCfg = Release|x64
		{25B91C5B-74E5-41A2-83AC-1AB5FAA09B72}.CVE-2020-0551-Load-Release|x64.Build.0 = Release|x64
		{25B91C5B-74E5-41A2-83AC-1AB5FAA09B72}.CVE-2020-0551-Load-Release|x86.ActiveCfg = Release|Win32
		{25B91C5B-74E5-41A2-83AC-1AB5FAA09B72}.CVE-2020-0551-Load-Release|x86.Build.0 = Release|Win32
		{25B91C5B-74E5-41A2-83AC-1AB5FAA09B72}.Debug|x64.ActiveCfg = Debug|x64
		{25B91C5B-74E5-41A2-83AC-1AB5FAA09B72}.Debug|x64.Build.0 = Debug|x64
		{25B91C5B-74E5-41A2-83AC-1AB5FAA09B72}.Debug|x86.ActiveCfg = Debug|Win32
		{25B91C5B-74E5-41A2-83AC-1AB5FAA09B72}.Debug|x86.Build.0 = Debug|Win32
		{25B91C5B-74E5-41A2-83AC-1AB5FAA09B72}.Prerelease|x64.ActiveCfg = Prerelease|x64
		{25B91C5B-74E5-41A2-83AC-1AB5FAA09B72}.Prerelease|x64.Build.0 = Prerelease|x64
		{25B91C5B-74E5-41A2-83AC-1AB5FAA09B72}.Prerelease|x86.ActiveCfg = Prerelease|Win32
		{25B91C5B-74E5-41A2-83AC-1AB5FAA09B72}.Prerelease|x86.Build.0 = Prerelease|Win32
		{25B91C5B-74E5-41A2-83AC-1AB5FAA09B72}.Release|x64.ActiveCfg = Release|x64
		{25B91C5B-74E5-41A2-83AC-1AB5FAA09B72}.Release|x64.Build.0 = Release|x64
		{25B91C5B-74E5-41A2-83AC-1AB5FAA09B72}.Release|x86.ActiveCfg = Release|Win32
		{25B91C5B-74E5-41A2-83AC-1AB5FAA09B72}.Release|x86.Build.0 = Release|Win32
		{25B91C5B-74E5-41A2-83AC-1AB5FAA09B72}.Simulation|x64.ActiveCfg = Simulation|x64
		{25B91C5B-74E5-41A2-83AC-1AB5FAA09B72}.Simulation|x64.Build.0 = Simulation|x64
		{25B91C5B-74E5-41A2-83AC-1AB5FAA09B72}.Simulation|x86.ActiveCfg = Simulation|Win32
		{25B91C5B-74E5-41A2-83AC-1AB5FAA09B72}.Simulation|x86.Build.0 = Simulation|Win32
	EndGlobalSection
	GlobalSection(SolutionProperties) = preSolution
		HideSolutionNode = FALSE
	EndGlobalSection
	GlobalSection(ExtensibilityGlobals) = postSolution
		SolutionGuid = {C566DF88-AB1B-4EE2-A2AB-AA79D5045ED5}
	EndGlobalSection
EndGlobal
